{
  "name": "lexai-app",
  "version": "0.0.0",
  "lockfileVersion": 3,
  "requires": true,
  "packages": {
    "": {
      "name": "lexai-app",
      "version": "0.0.0",
      "dependencies": {
        "@headlessui/vue": "^1.7.22",
        "@heroicons/vue": "^2.1.5",
        "@inertiajs/vue3": "^1.2.0",
        "@tailwindcss/forms": "^0.5.7",
        "@tailwindcss/postcss": "4.0.0-alpha.16",
        "@tailwindcss/typography": "^0.5.13",
        "laravel-vite-plugin": "^1.0.5",
        "postcss": "^8.4.39",
        "tailwindcss": "4.0.0-alpha.16",
        "vite": "^5.3.5",
        "vue": "^3.4.31"
      },
      "devDependencies": {
        "autoprefixer": "^10.4.19",
        "axios": "^1.7.2",
        "daisyui": "^4.12.10"
      }
    },
    "node_modules/@alloc/quick-lru": {
      "version": "5.2.0",
      "resolved": "https://registry.npmjs.org/@alloc/quick-lru/-/quick-lru-5.2.0.tgz",
      "integrity": "sha512-UrcABB+4bY36V3SoR3psbe4oY41qawx6A/Lt9iA7aI3s3yY73d8o421hI3w2Y3U53tzH43r/b2QxO3sF+4ZAQ==",
      "funding": {
        "url": "https://github.com/sponsors/sindresorhus"
      }
    },
    "node_modules/@babel/parser": {
      "version": "7.24.8",
      "resolved": "https://registry.npmjs.org/@babel/parser/-/parser-7.24.8.tgz",
      "integrity": "sha512-hIEs3w0H0Gv4Tjfy+5MhIcm83TJufxnY/5Tf4uo25lq2kC3W2dK/z1eP0Z9i5+c8PTrqWkWs2yqCBIjA4T0+eg==",
      "license": "MIT",
      "engines": {
        "node": ">=6.0.0"
      }
    },
    "node_modules/@csstools/cascade-layer-name-parser": {
      "version": "1.0.3",
      "resolved": "https://registry.npmjs.org/@csstools/cascade-layer-name-parser/-/cascade-layer-name-parser-1.0.3.tgz",
      "integrity": "sha512-YmDXi+G00pTjqvU+591sYyvFWVzN+P1D5O1LelD3bW5Wk9w10cNVjwbAZixtD+tQ/CTTeWQTzJqR0a2D3O/8YQ==",
      "license": "MIT",
      "dependencies": {
        "@csstools/css-parser-algorithms": "^1.2.0",
        "@csstools/css-tokenizer": "^1.2.0"
      }
    },
    "node_modules/@csstools/css-parser-algorithms": {
      "version": "1.2.0",
      "resolved": "https://registry.npmjs.org/@csstools/css-parser-algorithms/-/css-parser-algorithms-1.2.0.tgz",
      "integrity": "sha512-EaGf4ZzGZQFvW7bO403nELv3y2qJbXWltAP23Fq8+5B0i0/YvHkz4L+uJd7yey6+Q3xYLPV2pE/y2dJkU/y1iA==",
      "license": "MIT",
      "dependencies": {
        "@csstools/css-tokenizer": "^1.2.0"
      },
      "engines": {
        "node": "^12 || ^14 || >=16.0.0"
      }
    },
    "node_modules/@csstools/css-tokenizer": {
      "version": "1.2.0",
      "resolved": "https://registry.npmjs.org/@csstools/css-tokenizer/-/css-tokenizer-1.2.0.tgz",
      "integrity": "sha512-XhJjGcvVTS+yY2sMa5sL4Isf7cF4lVHT8HkYt+5CWBt+MvHlQMFH/8QKNJ5LczBvS+3a9t7vVlqFKzNlch0LZA==",
      "license": "MIT",
      "engines": {
        "node": "^12 || ^14 || >=16.0.0"
      }
    },
    "node_modules/@csstools/media-query-list-parser": {
      "version": "1.1.0",
      "resolved": "https://registry.npmjs.org/@csstools/media-query-list-parser/-/media-query-list-parser-1.1.0.tgz",
      "integrity": "sha512-3sQ7pUiLp4rC0vj9jP4Ujw4ihs3h2w2j0O7Qc4g+Jd7I/vO2xK0qfefswG8A5S2YSS3EVp2y/5+Z3mCxFZkJDw==",
      "license": "MIT",
      "dependencies": {
        "@csstools/css-parser-algorithms": "^1.2.0",
        "@csstools/css-tokenizer": "^1.2.0"
      },
      "engines": {
        "node": "^12 || ^14 || >=16.0.0"
      }
    },
    "node_modules/@csstools/selector-parser": {
      "version": "3.3.3",
      "resolved": "https://registry.npmjs.org/@csstools/selector-parser/-/selector-parser-3.3.3.tgz",
      "integrity": "sha512-K7Nn1xGGIo9uO9Mv4GjM/8+8lSOjZ8a2MVAXh/rN38fKio5I+T5JOkte/D/kxhk9Vd3wK6T3Wk/0lk3Fk5WjmA==",
      "license": "MIT-0",
      "dependencies": {
        "css-selector-tokenizer": "^0.8.0"
      }
    },
    "node_modules/@dmmm/str-width": {
      "version": "2.0.0",
      "resolved": "https://registry.npmjs.org/@dmmm/str-width/-/str-width-2.0.0.tgz",
      "integrity": "sha512-g2cg0Vf01ySj1I2KDNyO7Ew2sYvCHdZDkksb7sFBCyTzL2iW0+Iu4KQSg71FzGj/2oE7h4yJ6i7z30yjw3I2g==",
      "license": "MIT",
      "dependencies": {
        "is-fullwidth-code-point": "^4.0.0",
        "is-korean": "^2.0.0"
      },
      "engines": {
        "node": ">=10.12.0"
      }
    },
    "node_modules/@estree/walk": {
      "version": "2.0.0",
      "resolved": "https://registry.npmjs.org/@estree/walk/-/walk-2.0.0.tgz",
      "integrity": "sha512-NzI8pe+P2tqKkI6AS/9bQVpH9YDA3oPfs2+sNOjQoA2o+S7y6o9d87yT6kI/rIuO24aZ9nLqibxSjV2Fp0gQA==",
      "license": "MIT"
    },
    "node_modules/@floating-ui/core": {
      "version": "1.6.3",
      "resolved": "https://registry.npmjs.org/@floating-ui/core/-/core-1.6.3.tgz",
      "integrity": "sha512-G6uXpL1KHyA+8w2Q6yqg7Pj5Kq+e+0gYd4y5sflcxKx+38f++z0lYvUvD94+MjgBrBIA/O2Nn0j4m/+g1bHwQg==",
      "license": "MIT"
    },
    "node_modules/@floating-ui/dom": {
      "version": "1.6.8",
      "resolved": "https://registry.npmjs.org/@floating-ui/dom/-/dom-1.6.8.tgz",
      "integrity": "sha512-YmB3qD9pQ49bKbrRzJccl/nTCXvJDP0jXkgeHlVqJvXnQoXW4nF5A2rUUk05zYHykCg12pXk4v+L0O4j+254Rg==",
      "license": "MIT",
      "dependencies": {
        "@floating-ui/core": "1.6.3"
      }
    },
    "node_modules/@headlessui/vue": {
      "version": "1.7.22",
      "resolved": "https://registry.npmjs.org/@headlessui/vue/-/vue-1.7.22.tgz",
      "integrity": "sha512-Z5eGqK+gYlYpDq/TzBvjCqO0WqO8PjE/y1dYwTlhS5z7vjOa+q5nS/9OALMOKt/5WjQk09M6p/oD7sHhg==",
      "license": "MIT",
      "dependencies": {
        "@floating-ui/dom": "^1.6.5",
        "tabbable": "^6.2.0"
      },
      "peerDependencies": {
        "vue": "^3.0.0"
      }
    },
    "node_modules/@heroicons/vue": {
      "version": "2.1.5",
      "resolved": "https://registry.npmjs.org/@heroicons/vue/-/vue-2.1.5.tgz",
      "integrity": "sha512-Gk5FkUvLsc/1+B9hS1Y21T8b0hWcPgJv4Lg/1DLDh0sXpG72gXn+w1o62/y6S18bAmd8p1y1oW4R4g==",
      "license": "MIT",
      "peerDependencies": {
        "vue": "^3.0.5"
      }
    },
    "node_modules/@inertiajs/core": {
      "version": "1.0.16",
      "resolved": "https://registry.npmjs.org/@inertiajs/core/-/core-1.0.16.tgz",
      "integrity": "sha512-zYyN+jVq54Xw4kU1eP0cYPvU773vG0Jp1pD+2zQ2B55t1gL/BKOeU0J8h7Yh+yqg4k+e3D/3gTfRkQ==",
      "license": "MIT",
      "dependencies": {
        "axios": "^0.21.4 || ^1.0.0"
      }
    },
    "node_modules/@inertiajs/vue3": {
      "version": "1.2.0",
      "resolved": "https://registry.npmjs.org/@inertiajs/vue3/-/vue3-1.2.0.tgz",
      "integrity": "sha512-y2T377k4/t70V6/bQ4jB0o9YkI720wB2T/7oBq+x/WjIylYmBq40gHk67q2L87XkO1yT9O2D0C4C8g==",
      "license": "MIT",
      "dependencies": {
        "@inertiajs/core": "^1.0.16"
      },
      "peerDependencies": {
        "vue": "^3.2.31"
      }
    },
    "node_modules/@jridgewell/gen-mapping": {
      "version": "0.3.5",
      "resolved": "https://registry.npmjs.org/@jridgewell/gen-mapping/-/gen-mapping-0.3.5.tgz",
      "integrity": "sha512-IzL8+3l03pA7I1i9zo2qLd5E/2Tz2xJ2b//h3A2Nrsgp7umFVz9u8zQ8JtHxUMzQv30p8XnRh+pU3mszLg5TzQ==",
      "license": "MIT",
      "dependencies": {
        "@jridgewell/set-array": "^1.2.1",
        "@jridgewell/sourcemap-codec": "^1.5.0",
        "@jridgewell/trace-mapping": "^0.3.25"
      },
      "engines": {
        "node": ">=6.0.0"
      }
    },
    "node_modules/@jridgewell/resolve-uri": {
      "version": "3.1.2",
      "resolved": "https://registry.npmjs.org/@jridgewell/resolve-uri/-/resolve-uri-3.1.2.tgz",
      "integrity": "sha512-b2NAl2m+2m4+oAja+nVI2kLq8K367wZeo7Xn/dwT12S9zQO2w7HSy3lD/Y9b0w6DWMsHwV/i/3jga1sPSbOhQ==",
      "license": "MIT",
      "engines": {
        "node": ">=6.0.0"
      }
    },
    "node_modules/@jridgewell/set-array": {
      "version": "1.2.1",
      "resolved": "https://registry.npmjs.org/@jridgewell/set-array/-/set-array-1.2.1.tgz",
      "integrity": "sha512-gr5RbtLwwHe29YLh2E8C4V8hKkI28s6bI9fG5jGyhjzQZf+Ali2/+Pz31XlVweKuthI0eLvz3bY5qg2Exf8G/w==",
      "license": "MIT",
      "engines": {
        "node": ">=6.0.0"
      }
    },
    "node_modules/@jridgewell/sourcemap-codec": {
      "version": "1.5.0",
      "resolved": "https://registry.npmjs.org/@jridgewell/sourcemap-codec/-/sourcemap-codec-1.5.0.tgz",
      "integrity": "sha512-3ZXwYI3F8h7k2zWaf+4H2zS6Yd9s8l0oAM6K6AEyE93mKcL4p4eNi2LzIBkXJ0+Anb020i15ME+hGgz423hZg==",
      "license": "MIT"
    },
    "node_modules/@jridgewell/trace-mapping": {
      "version": "0.3.25",
      "resolved": "https://registry.npmjs.org/@jridgewell/trace-mapping/-/trace-mapping-0.3.25.tgz",
      "integrity": "sha512-vNk601MhN+1La4c9JzgG9eCjweoM4Stw2aM3vTiwC9z4iG2i26A7x/p23fSVrW+V/M0lX558rNn3I8B28I0cHA==",
      "license": "MIT",
      "dependencies": {
        "@jridgewell/resolve-uri": "3.1.2",
        "@jridgewell/sourcemap-codec": "1.5.0"
      }
    },
    "node_modules/@nodelib/fs.scandir": {
      "version": "2.1.5",
      "resolved": "https://registry.npmjs.org/@nodelib/fs.scandir/-/fs.scandir-2.1.5.tgz",
      "integrity": "sha512-bC0Yg3A65i+T70yJ/DRD/3ws4dI0i0mHSo9M0iG1BilkG3sL5iGkLh5wL/jtuw9O44iAZx2I+vI6aL5Q+wK+wQ==",
      "license": "MIT",
      "dependencies": {
        "@nodelib/fs.stat": "2.0.5",
        "run-parallel": "^1.2.0"
      },
      "engines": {
        "node": ">= 8"
      }
    },
    "node_modules/@nodelib/fs.stat": {
      "version": "2.0.5",
      "resolved": "https://registry.npmjs.org/@nodelib/fs.stat/-/fs.stat-2.0.5.tgz",
      "integrity": "sha512-3YfIub0195cM+2Y92yB33x/y5Sj2HIZz239322b2u2r0SazLqU7aP4oEAsK52h37e3Ea2oK01i+TPAgA==",
      "license": "MIT",
      "engines": {
        "node": ">= 8"
      }
    },
    "node_modules/@nodelib/fs.walk": {
      "version": "1.2.8",
      "resolved": "https://registry.npmjs.org/@nodelib/fs.walk/-/fs.walk-1.2.8.tgz",
      "integrity": "sha512-d+9/1H4nFfUI2+9r/A2IZvo7W510R1V6Iqlnsy3S22s1fR1vHHD62b/1+A8pIilTNJlsn9/kALcwQdGwg0pLVA==",
      "license": "MIT",
      "dependencies": {
        "@nodelib/fs.scandir": "2.1.5",
        "fastq": "^1.15.0"
      },
      "engines": {
        "node": ">= 8"
      }
    },
    "node_modules/@rollup/rollup-win32-arm64-msvc": {
      "version": "4.19.1",
      "resolved": "https://registry.npmjs.org/@rollup/rollup-win32-arm64-msvc/-/rollup-win32-arm64-msvc-4.19.1.tgz",
      "integrity": "sha512-Ym0h2jA6F4hVj4eDGuYj+5dF+oV6Qe/S0Q4mGZ9nBw/e0k1H13z780X0W6z1M57L2H8u7JkI12p3wQ==",
      "cpu": [
        "arm64"
      ],
      "license": "MIT",
      "optional": true,
      "os": [
        "win32"
      ],
      "engines": {
        "node": ">=18.0.0"
      }
    },
    "node_modules/@rollup/rollup-win32-ia32-msvc": {
      "version": "4.19.1",
      "resolved": "https://registry.npmjs.org/@rollup/rollup-win32-ia32-msvc/-/rollup-win32-ia32-msvc-4.19.1.tgz",
      "integrity": "sha512-0H4bS6vB4hQ5w2A58h5j25M8mC9g2I3J8b5Ym2L3kIidD9S8V9+iO/l8UaUojU3c79c5V3Qv+Ww5Q==",
      "cpu": [
        "ia32"
      ],
      "license": "MIT",
      "optional": true,
      "os": [
        "win32"
      ],
      "engines": {
        "node": ">=18.0.0"
      }
    },
    "node_modules/@rollup/rollup-win32-x64-msvc": {
      "version": "4.19.1",
      "resolved": "https://registry.npmjs.org/@rollup/rollup-win32-x64-msvc/-/rollup-win32-x64-msvc-4.19.1.tgz",
      "integrity": "sha512-8N8yQWJ92F26zLp267P+l7KjT0qH0lA2fGgP1GzYd90B8rS5+10/xW1fT5r/13Y/GZ3z4f488Jk6gQ==",
      "cpu": [
        "x64"
      ],
      "license": "MIT",
      "optional": true,
      "os": [
        "win32"
      ],
      "engines": {
        "node": ">=18.0.0"
      }
    },
    "node_modules/@tailwindcss/forms": {
      "version": "0.5.7",
      "resolved": "https://registry.npmjs.org/@tailwindcss/forms/-/forms-0.5.7.tgz",
      "integrity": "sha512-m3s2L9KzY2CXs2gqY1Yw3h+N6bNp9SMD4j1v8OQ72Vr2R7u1Jc64f2LfS6dVTJ3b2ydeqg5UM1/c2Q2aZk5cAg==",
      "license": "MIT",
      "dependencies": {
        "mini-svg-data-uri": "^1.4.4"
      }
    },
    "node_modules/@tailwindcss/postcss": {
      "version": "4.0.0-alpha.16",
      "resolved": "https://registry.npmjs.org/@tailwindcss/postcss/-/postcss-4.0.0-alpha.16.tgz",
      "integrity": "sha512-L+dJ8Pz9Wf5/Wc3kE1p22Jz9F0kS53H4+2bK2eT/p8ZqB3f+oA6P+jY9c0b1s0P2f+9f+5D4oA8Yw==",
      "license": "MIT",
      "dependencies": {
        "fast-glob": "^3.3.2",
        "postcss": "^8.4.39",
        "postcss-import": "^16.1.0",
        "tailwindcss": "4.0.0-alpha.16"
      },
      "peerDependencies": {
        "postcss": "^8.4.31"
      }
    },
    "node_modules/@tailwindcss/typography": {
      "version": "0.5.13",
      "resolved": "https://registry.npmjs.org/@tailwindcss/typography/-/typography-0.5.13.tgz",
      "integrity": "sha512-y2T2b/fxtoUomT36Kz8B7hVpC9E3hTRVvfrL1/vAOFnN3rJ2PZ38pLgH7p2Kx/1E+shNl8kCKs+jP+1fVrwgA==",
      "license": "MIT"
    },
    "node_modules/@types/node": {
      "version": "20.14.12",
      "resolved": "https://registry.npmjs.org/@types/node/-/node-20.14.12.tgz",
      "integrity": "sha512-s/WPm8B2edcMwpR2b0XhMLv2YvjV3o2zC3oDkImQ4w+AxVdMvj2/6lC5uB3r42qgJNRpYJ9+E5N+aLq2/QRXw==",
      "license": "MIT",
      "dependencies": {
        "undici-types": "5.26.5"
      }
    },
    "node_modules/@vue/compiler-core": {
      "version": "3.4.31",
      "resolved": "https://registry.npmjs.org/@vue/compiler-core/-/compiler-core-3.4.31.tgz",
      "integrity": "sha512-005vK8/Tj6tU+m9kLpB80sEj3tBvGv4qJb289sO5Bnjy2X71r6QvD9wzH6y/P8X5o4C75lO+iSgB+W2Lw==",
      "license": "MIT",
      "dependencies": {
        "@vue/shared": "3.4.31",
        "estree-walker": "^2.0.2"
      },
      "peerDependencies": {
        "source-map-js": "^1.2.0"
      },
      "peerDependenciesMeta": {
        "source-map-js": {
          "optional": true
        }
      }
    },
    "node_modules/@vue/compiler-dom": {
      "version": "3.4.31",
      "resolved": "https://registry.npmjs.org/@vue/compiler-dom/-/compiler-dom-3.4.31.tgz",
      "integrity": "sha512-3q/b4q8j9x71A6yU4+0g/Oq3x4t1v6i7x9KgnkUj42iO8tGhn22yCjCgQ7wYv9g9iJvN3h1wP+gL88+Zw==",
      "license": "MIT",
      "dependencies": {
        "@vue/compiler-core": "3.4.31",
        "@vue/shared": "3.4.31"
      }
    },
    "node_modules/@vue/compiler-sfc": {
      "version": "3.4.31",
      "resolved": "https://registry.npmjs.org/@vue/compiler-sfc/-/compiler-sfc-3.4.31.tgz",
      "integrity": "sha512-98J4p4fH6K/S71ubwEw1Tz52IqT/z3yWdO8Y9hA/p+w+JkI3Vb+5w0+3k+f19PYSZpI5C7gJvVj9hQoRQ==",
      "license": "MIT",
      "dependencies": {
        "@babel/parser": "^7.24.8",
        "@vue/compiler-core": "3.4.31",
        "@vue/compiler-dom": "3.4.31",
        "@vue/compiler-ssr": "3.4.31",
        "@vue/shared": "3.4.31",
        "postcss": "^8.4.39"
      },
      "peerDependencies": {
        "source-map-js": "^1.2.0"
      },
      "peerDependenciesMeta": {
        "source-map-js": {
          "optional": true
        }
      }
    },
    "node_modules/@vue/compiler-ssr": {
      "version": "3.4.31",
      "resolved": "https://registry.npmjs.org/@vue/compiler-ssr/-/compiler-ssr-3.4.31.tgz",
      "integrity": "sha512-dE3pYwRj8fD2iO6W15yW7pGv/sBsoJkL0Z3XoB63X6+T5jJpYxW3p2T5Q+hLwD43b/7zFwW6u2/tqA+gQ==",
      "license": "MIT",
      "dependencies": {
        "@vue/compiler-dom": "3.4.31",
        "@vue/shared": "3.4.31"
      }
    },
    "node_modules/@vue/reactivity": {
      "version": "3.4.31",
      "resolved": "https://registry.npmjs.org/@vue/reactivity/-/reactivity-3.4.31.tgz",
      "integrity": "sha512-Y+2CjUJaBrtT1P5i+xGgAWaA402oMvVBrqS9llPj9TzApOaLwQz245+OQy7jL9FhYG3g5Fw0rS/WqMhY8aJgvw==",
      "license": "MIT",
      "dependencies": {
        "@vue/shared": "3.4.31"
      }
    },
    "node_modules/@vue/runtime-core": {
      "version": "3.4.31",
      "resolved": "https://registry.npmjs.org/@vue/runtime-core/-/runtime-core-3.4.31.tgz",
      "integrity": "sha512-c2eXj1uD54fS4Xj1T5Iq31H381xI31J2P4o2+D2y1T1d4i9yJAxDA22CF5eXy41+7E+gA+3tYy9R1pYQQ==",
      "license": "MIT",
      "dependencies": {
        "@vue/reactivity": "3.4.31",
        "@vue/shared": "3.4.31"
      }
    },
    "node_modules/@vue/runtime-dom": {
      "version": "3.4.31",
      "resolved": "https://registry.npmjs.org/@vue/runtime-dom/-/runtime-dom-3.4.31.tgz",
      "integrity": "sha512-B6gR1+h4zFmF72bK4W29wN1PzQ/YgXnK0G31A8O7A9qVx0pE531Uq0wW/w0YxUeM1gqjO+qFvW4uY1C/A==",
      "license": "MIT",
      "dependencies": {
        "@vue/runtime-core": "3.4.31",
        "@vue/shared": "3.4.31"
      }
    },
    "node_modules/@vue/shared": {
      "version": "3.4.31",
      "resolved": "https://registry.npmjs.org/@vue/shared/-/shared-3.4.31.tgz",
      "integrity": "sha512-6SgXg7mR/QeJQNqfC2h0Fh2P/U2lwmQNgVdZw2J/fW5oGrqHwwk4GgZgPj1s4R2Ssxm8iLqmcN2m4t6a8Dm9Vw==",
      "license": "MIT"
    },
    "node_modules/acorn": {
      "version": "8.12.1",
      "resolved": "https://registry.npmjs.org/acorn/-/acorn-8.12.1.tgz",
      "integrity": "sha512-/A+iS4Mvo0dC2lIjdvYdPYV+7wKnQhN9eTgzVn1E08gDGV1R5/S3U5U3vhmf/oPzNRK2+M/+L1wVbm4K2aIXXA==",
      "license": "MIT",
      "bin": {
        "acorn": "bin/acorn"
      },
      "engines": {
        "node": ">=0.4.0"
      }
    },
    "node_modules/acorn-walk": {
      "version": "8.3.3",
      "resolved": "https://registry.npmjs.org/acorn-walk/-/acorn-walk-8.3.3.tgz",
      "integrity": "sha512-/6eN2QX+l4nrgm+m9n2b/sso0yF2H3MAV3LzOja+tzd9sVbhiA/eU5P3dD3o7gVkzdfbGP/mCRGqUcD2s9x3Lw==",
      "license": "MIT",
      "engines": {
        "node": ">=0.4.0"
      }
    },
    "node_modules/agent-base": {
      "version": "6.0.2",
      "resolved": "https://registry.npmjs.org/agent-base/-/agent-base-6.0.2.tgz",
      "integrity": "sha512-RZNwNclF72r5T/gQ4t43REz41I6dDgr9MhI3rDbmuXo0s96BU7U38T5Yx6lyw2+aNsdr34K6S5P3CQoV3eOPEA==",
      "license": "MIT",
      "dependencies": {
        "debug": "4"
      },
      "engines": {
        "node": ">= 6"
      }
    },
    "node_modules/ansi-regex": {
      "version": "5.0.1",
      "resolved": "https://registry.npmjs.org/ansi-regex/-/ansi-regex-5.0.1.tgz",
      "integrity": "sha512-quJQXlTSUGL2LH9SUXo8VwsY4soanhgo6LNSm84E1LBcEHyMATrJrF+kddaTTd/RfmNyA7ToDPDltTAUO+sfOw==",
      "license": "MIT",
      "engines": {
        "node": ">=8"
      }
    },
    "node_modules/ansi-styles": {
      "version": "4.3.0",
      "resolved": "https://registry.npmjs.org/ansi-styles/-/ansi-styles-4.3.0.tgz",
      "integrity": "sha512-zbB9rCJAT1rbjiVDb2hqKFHNYLxCRQyq3NyIoOXkcpoe8VXMgopPzgDjDVfuMWHBCWEeG7NYchbezM/Fi9bx6g==",
      "license": "MIT",
      "dependencies": {
        "color-convert": "^2.0.1"
      },
      "engines": {
        "node": ">=8"
      },
      "funding": {
        "url": "https://github.com/chalk/ansi-styles?sponsor=1"
      }
    },
    "node_modules/any-promisify": {
      "version": "1.0.0",
      "resolved": "https://registry.npmjs.org/any-promisify/-/any-promisify-1.0.0.tgz",
      "integrity": "sha512-1PahvL5F89vP8u68aX/5cIGf2IcGv9pIeyfvoMXX6QnZg9d9FjUd/41G8dJbC+E1vxpF2lOKsA6tK1iW+8NScw==",
      "license": "MIT"
    },
    "node_modules/anymatch": {
      "version": "3.1.3",
      "resolved": "https://registry.npmjs.org/anymatch/-/anymatch-3.1.3.tgz",
      "integrity": "sha512-PZt3eM1sfpZ39gWAFd4IeM/LfFAG2yByv6I1f/O/gIJE+U/0w1U3I24lt2SxI4tL3ZOrN/GIB4aJp/jYQcKxLQ==",
      "license": "ISC",
      "dependencies": {
        "normalize-path": "^3.0.0",
        "picomatch": "^2.0.4"
      },
      "engines": {
        "node": ">= 8"
      }
    },
    "node_modules/arch": {
      "version": "2.2.0",
      "resolved": "https://registry.npmjs.org/arch/-/arch-2.2.0.tgz",
      "integrity": "sha512-Of/kXCrbJ9r3oQe+yNVIH5y2tXhTr3tTDYSXsv+yQ2mCgZLV/Fsy5s3dI8aRorT74VnbfhrkH1bX258S825lEQ==",
      "license": "MIT",
      "engines": {
        "node": ">=6"
      }
    },
    "node_modules/arg": {
      "version": "4.1.3",
      "resolved": "https://registry.npmjs.org/arg/-/arg-4.1.3.tgz",
      "integrity": "sha512-58S9QDqG0Xx27YwPSt9fJqYB4BheeuDlfK+6FSlcVq8im+3xiCubjZx70+N4b13aEne551z4S+nOEXhTSHIVKTA==",
      "license": "MIT"
    },
    "node_modules/argparse": {
      "version": "1.0.10",
      "resolved": "https://registry.npmjs.org/argparse/-/argparse-1.0.10.tgz",
      "integrity": "sha512-o5Roy6tNG4SL/FOkCAN6MyJdlJ22ehOKNDF+3MYG9Q9v5axe4XxdAC+gdK5+S3dN+FillUNervdxFUNCiEH4g==",
      "license": "MIT",
      "dependencies": {
        "sprintf-js": "~1.0.2"
      }
    },
    "node_modules/asynckit": {
      "version": "0.4.0",
      "resolved": "https://registry.npmjs.org/asynckit/-/asynckit-0.4.0.tgz",
      "integrity": "sha512-Oei9OH4tRh0YqU3GxhX79dM/jR/soniUR+ArsPv9G6AsmPLjP57+UY/la5P0Neb+vlwiMN/qSodpnj2cPff+vg==",
      "license": "MIT"
    },
    "node_modules/autoprefixer": {
      "version": "10.4.19",
      "resolved": "https://registry.npmjs.org/autoprefixer/-/autoprefixer-10.4.19.tgz",
      "integrity": "sha512-dG8bW305P93k+A8HIk4hlj66j1Pj7eCcrA5I4T+396eK4g/RWihI141b2i+L+fBSoKKa4fD5g3J56p1iW+9iAA==",
      "funding": [
        {
          "type": "opencollective",
          "url": "https://opencollective.com/postcss/"
        },
        {
          "type": "tidelift",
          "url": "https://tidelift.com/funding/github/npm/autoprefixer"
        },
        {
          "type": "github",
          "url": "https://github.com/sponsors/ai"
        }
      ],
      "license": "MIT",
      "dependencies": {
        "browserslist": "^4.23.0",
        "caniuse-lite": "^1.0.30001625",
        "fraction.js": "^4.3.7",
        "normalize-range": "^0.1.2",
        "picocolors": "^1.0.1",
        "postcss-value-parser": "^4.2.0"
      },
      "bin": {
        "autoprefixer": "bin/autoprefixer"
      },
      "engines": {
        "node": "^10 || ^12 || >=14"
      }
    },
    "node_modules/axios": {
      "version": "1.7.2",
      "resolved": "https://registry.npmjs.org/axios/-/axios-1.7.2.tgz",
      "integrity": "sha512-2KVggrvwGml6weP1kWB3ueI2oByRSpD/9G7gI3uM7QtD6iBfEalw64zz0x2m80M1L3yz9g57sO/C2i2fI3u20w==",
      "license": "MIT",
      "dependencies": {
        "follow-redirects": "^1.15.6",
        "form-data": "^4.0.0",
        "proxy-from-env": "^1.1.0"
      }
    },
    "node_modules/balanced-match": {
      "version": "1.0.2",
      "resolved": "https://registry.npmjs.org/balanced-match/-/balanced-match-1.0.2.tgz",
      "integrity": "sha512-3oSeUO0TMV67hN1AmbXsK4yaqU7tiiYEA71PG4DE/bpcuaXOLomiGgRp1s2jGlI1+aoK7tqifDIYggGY2m5tYw==",
      "license": "MIT"
    },
    "node_modules/base64-js": {
      "version": "1.5.1",
      "resolved": "https://registry.npmjs.org/base64-js/-/base64-js-1.5.1.tgz",
      "integrity": "sha512-AKpaYlHn8t4SVbOHiMnBGswl/s4bOcnEuHfjLkYfbdwvvdZdSocto4YK2lp2bIXDR/yeMVmr3Brd+lyMofU4Fw==",
      "license": "MIT",
      "funding": [
        {
          "type": "github",
          "url": "https://github.com/sponsors/feross"
        },
        {
          "type": "patreon",
          "url": "https://www.patreon.com/feross"
        },
        {
          "type": "consulting",
          "url": "https://feross.org/support"
        }
      ]
    },
    "node_modules/binary-extensions": {
      "version": "2.3.0",
      "resolved": "https://registry.npmjs.org/binary-extensions/-/binary-extensions-2.3.0.tgz",
      "integrity": "sha512-QIzN/9ZKNcr9I+Xs2Fh32k7Pos8lzy2i9/2LSprhYxBWb/j9zoY4mz7KVqrRMwdV/8hEz6fJG23lV2vBA34/BA==",
      "license": "MIT",
      "engines": {
        "node": ">=8"
      },
      "funding": {
        "url": "https://github.com/sponsors/sindresorhus"
      }
    },
    "node_modules/brace-expansion": {
      "version": "1.1.11",
      "resolved": "https://registry.npmjs.org/brace-expansion/-/brace-expansion-1.1.11.tgz",
      "integrity": "sha512-iCuPHDFgrHX7H2vEI/5xpz07zSHB00TpugqhmYtVmMO6518mCuRMoOYFldEBl0g187ufozdaHgM2OPQpW/56XA==",
      "license": "MIT",
      "dependencies": {
        "balanced-match": "^1.0.0",
        "concat-map": "0.0.1"
      }
    },
    "node_modules/braces": {
      "version": "3.0.3",
      "resolved": "https://registry.npmjs.org/braces/-/braces-3.0.3.tgz",
      "integrity": "sha512-yAPM5I2CstDRzzFZMWoEa533FzXgOD0/1eT21p0yMFG5PZyBaY6L+qflw3s8TAtiEwP2bTf/AQUKTOQvXN6K1w==",
      "license": "MIT",
      "dependencies": {
        "fill-range": "^7.1.1"
      },
      "engines": {
        "node": ">=8"
      }
    },
    "node_modules/browserslist": {
      "version": "4.23.2",
      "resolved": "https://registry.npmjs.org/browserslist/-/browserslist-4.23.2.tgz",
      "integrity": "sha512-YJw9/Q8/SHJ+eT+3M98h/rA+0oK2Oesq0tqygp4GURB/Oo2M/xL8qxgD6I0n9+q1oUvV9pC5xYh3BAlK/eK/Lw==",
      "funding": [
        {
          "type": "opencollective",
          "url": "https://opencollective.com/browserslist"
        },
        {
          "type": "tidelift",
          "url": "https://tidelift.com/funding/github/npm/browserslist"
        },
        {
          "type": "github",
          "url": "https://github.com/sponsors/ai"
        }
      ],
      "license": "MIT",
      "dependencies": {
        "caniuse-lite": "^1.0.30001625",
        "electron-to-chromium": "^1.4.793",
        "node-releases": "^2.0.14",
        "update-browserslist-db": "^1.0.16"
      },
      "bin": {
        "browserslist": "cli.js"
      },
      "engines": {
        "node": "^12 || ^14 || >=16"
      }
    },
    "node_modules/buffer-from": {
      "version": "1.1.2",
      "resolved": "https://registry.npmjs.org/buffer-from/-/buffer-from-1.1.2.tgz",
      "integrity": "sha512-E+XQCRwSbaaiChtv6k6Dwgc+bx+Bs6pCDAPiSo6Y8KSo8ot7byeP2S9ZQgjPurGUpSoxSh3IBGuoOFmxRxO+gk==",
      "license": "MIT"
    },
    "node_modules/camel-case": {
      "version": "4.1.2",
      "resolved": "https://registry.npmjs.org/camel-case/-/camel-case-4.1.2.tgz",
      "integrity": "sha512-quKH2oB0gw52Us93lP8p/n4ed7dXZS/3Jb+o2D4vYmx+c/Vz+T4A1nqo23c8iPzQmdk2+hKjZJHN/sF0kUeMew==",
      "license": "MIT",
      "dependencies": {
        "pascal-case": "^3.1.2",
        "tslib": "^2.4.0"
      }
    },
    "node_modules/caniuse-lite": {
      "version": "1.0.30001642",
      "resolved": "https://registry.npmjs.org/caniuse-lite/-/caniuse-lite-1.0.30001642.tgz",
      "integrity": "sha512-Yp8IqJp9qT/w4jLpY4/yDORpMwt2p5n2bM60LMLq0F7rZk7G/y2K6142XjM1+J+wGAlO7sWJgWfNqfHqYg59A==",
      "funding": [
        {
          "type": "opencollective",
          "url": "https://opencollective.com/browserslist"
        },
        {
          "type": "tidelift",
          "url": "https://tidelift.com/funding/github/npm/caniuse-lite"
        },
        {
          "type": "github",
          "url": "https://github.com/sponsors/ai"
        }
      ],
      "license": "CC-BY-4.0"
    },
    "node_modules/chokidar": {
      "version": "3.6.0",
      "resolved": "https://registry.npmjs.org/chokidar/-/chokidar-3.6.0.tgz",
      "integrity": "sha512-7VT13fmJBnIhxeuPqYSJr/2+T6Yn0AOkvQyI8wADsMf9p4T4jg1wEHjD6wK1IePtnm8g4W2Fk1Y0XQJmu4zaVw==",
      "funding": [
        {
          "type": "individual",
          "url": "https://paulmillr.com/funding/"
        }
      ],
      "license": "MIT",
      "dependencies": {
        "anymatch": "~3.1.2",
        "braces": "~3.0.2",
        "glob-parent": "~5.1.2",
        "is-binary-path": "~2.1.0",
        "is-glob": "~4.0.3",
        "normalize-path": "~3.0.0",
        "readdirp": "~3.6.0"
      },
      "optionalDependencies": {
        "fsevents": "~2.3.2"
      },
      "engines": {
        "node": ">= 8.10.0"
      }
    },
    "node_modules/chokidar/node_modules/braces": {
      "version": "3.0.2",
      "resolved": "https://registry.npmjs.org/braces/-/braces-3.0.2.tgz",
      "integrity": "sha512-b8um+L1RzM3WDSzvhm6gIz1yfTbBt6YTlcEKAvsmLwhZvA4sADlkVqyxJT9MwvABjCS/sinoc2xs4rOk7OPROA==",
      "license": "MIT",
      "dependencies": {
        "fill-range": "^7.0.1"
      },
      "engines": {
        "node": ">=8"
      }
    },
    "node_modules/chokidar/node_modules/fill-range": {
      "version": "7.0.1",
      "resolved": "https://registry.npmjs.org/fill-range/-/fill-range-7.0.1.tgz",
      "integrity": "sha512-qOo9F+dMtkC+i48sTQyrfNMAwsGS1IuzAR/eWeAyl/2Da/t7BsazOyNafoSS5g2oOKAwJ6i+d5QZdDP0eVmq8g==",
      "license": "MIT",
      "dependencies": {
        "to-regex-range": "^5.0.1"
      },
      "engines": {
        "node": ">=8"
      }
    },
    "node_modules/chokidar/node_modules/is-number": {
      "version": "7.0.0",
      "resolved": "https://registry.npmjs.org/is-number/-/is-number-7.0.0.tgz",
      "integrity": "sha512-41Cifkg6e8TylSpdtTpeLVMqvSBEVzTttHvERD741+pnZ8ANv0004MRL43QKPDlK9rLSo9T2px9azr59dCEA2w==",
      "license": "MIT",
      "engines": {
        "node": ">=0.12.0"
      }
    },
    "node_modules/chokidar/node_modules/to-regex-range": {
      "version": "5.0.1",
      "resolved": "https://registry.npmjs.org/to-regex-range/-/to-regex-range-5.0.1.tgz",
      "integrity": "sha512-65256cAH20wZro3ptsOd08J27/ic4iAud2TalOFYt33YLPA1noAjeT+iGzrvDD5tY778fEuDrsvwsELFVkA/gA==",
      "license": "MIT",
      "dependencies": {
        "is-number": "^7.0.0"
      },
      "engines": {
        "node": ">=8"
      }
    },
    "node_modules/cli-table": {
      "version": "0.3.11",
      "resolved": "https://registry.npmjs.org/cli-table/-/cli-table-0.3.11.tgz",
      "integrity": "sha512-TBaFspPni+2xPjoEpB65dM3V5JSCuQjMnw3iJv5FCMYj4t/gnLVyS13zge8AunvJid6AqiWJmYJ6E26t2cBxpQ==",
      "license": "MIT",
      "dependencies": {
        "colors": "1.0.3"
      },
      "engines": {
        "node": ">=0.2.0"
      }
    },
    "node_modules/cli-table/node_modules/colors": {
      "version": "1.0.3",
      "resolved": "https://registry.npmjs.org/colors/-/colors-1.0.3.tgz",
      "integrity": "sha512-pL+Hh1j5L5E63P24pXz23pEu7VYLdSQHX2i0aLHKV+XN8+k2vYnd6LNFm2Ea2mBvL/wW0iYEiTzVTDz+bV/pww==",
      "license": "MIT"
    },
    "node_modules/cli-table3": {
      "version": "0.6.5",
      "resolved": "https://registry.npmjs.org/cli-table3/-/cli-table3-0.6.5.tgz",
      "integrity": "sha512-T7W1C+QjVzQ2a4gHqICyO+43xL22A9fL+4XgXejD1eIsGgJ2xH5E+q1A4bXo+X2S+p3p0xIwiw2xYvP2zH/sg==",
      "license": "MIT",
      "dependencies": {
        "@dmmm/str-width": "^2.0.0",
        "lodash": "^4.17.21"
      },
      "engines": {
        "node": ">=6.0"
      }
    },
    "node_modules/clone": {
      "version": "2.1.2",
      "resolved": "https://registry.npmjs.org/clone/-/clone-2.1.2.tgz",
      "integrity": "sha512-3Pe/CF1Nn94g+x2v5jp2in2m+S+6A+aLc4Q7clxkXpSIxb32QJjXfoAg5mMyLSMgK5WkH2sK1ce+m/LwZ3e0mg==",
      "license": "MIT",
      "engines": {
        "node": ">=0.8"
      }
    },
    "node_modules/clsx": {
      "version": "2.1.1",
      "resolved": "https://registry.npmjs.org/clsx/-/clsx-2.1.1.tgz",
      "integrity": "sha512-e2513uy4sD/I4S1e9zDha3szN9o9N3KCs1f2E2sQYk2T52A42v1Nof0+2i5sWcTytWfXNopxRYr+wzEa2Z6sOw==",
      "license": "MIT",
      "engines": {
        "node": ">=6"
      }
    },
    "node_modules/color-convert": {
      "version": "2.0.1",
      "resolved": "https://registry.npmjs.org/color-convert/-/color-convert-2.0.1.tgz",
      "integrity": "sha512-RRECP9CIalhnAC1IdbGLQXbEMxnMLAuQHClovjkdWH3KD2VMC93RNdwBCgyMMm9pPzgvUrdweSMTIrGDuAD+JQ==",
      "license": "MIT",
      "dependencies": {
        "color-name": "~1.1.4"
      },
      "engines": {
        "node": ">=7.0.0"
      }
    },
    "node_modules/color-name": {
      "version": "1.1.4",
      "resolved": "https://registry.npmjs.org/color-name/-/color-name-1.1.4.tgz",
      "integrity": "sha512-dOy+3AuW3a2wNbYHIuMZpTcgjGuLU/uBL/ubcZF9OXbDo8ff4O8yVp5Bf0efS8uEoYo5q4Fx7dY9OgQGXgAsQA==",
      "license": "MIT"
    },
    "node_modules/combined-stream": {
      "version": "1.0.8",
      "resolved": "https://registry.npmjs.org/combined-stream/-/combined-stream-1.0.8.tgz",
      "integrity": "sha512-FQN4MRfuJeHf7cA3Wi5msb8D1+Xcn"
      }
    }
  ]
}
